
Microsoft Visual Studio Solution File, Format Version 12.00
# Visual Studio Version 17
VisualStudioVersion = 17.1.32210.238
MinimumVisualStudioVersion = 10.0.40219.1
Project("{9A19103F-16F7-4668-BE54-9A1E7A4F7556}") = "RestClient.Website", "RestClient.Website\RestClient.Website.csproj", "{E3B4B9D7-F5E0-4507-80CB-7FBBF6C46FCA}"
EndProject
Project("{9A19103F-16F7-4668-BE54-9A1E7A4F7556}") = "RestClient.Infra", "RestClient.Infra\RestClient.Infra.csproj", "{ABD8A3BB-ABC1-4194-8117-069DBC691673}"
EndProject
Project("{FAE04EC0-301F-11D3-BF4B-00C04F79EFBC}") = "RestClient.ORM", "RestClient.ORM\RestClient.ORM.csproj", "{49B9EA73-76AD-46EE-B911-2484797726D3}"
EndProject
Global
	GlobalSection(SolutionConfigurationPlatforms) = preSolution
		Debug|Any CPU = Debug|Any CPU
		Release|Any CPU = Release|Any CPU
	EndGlobalSection
	GlobalSection(ProjectConfigurationPlatforms) = postSolution
		{E3B4B9D7-F5E0-4507-80CB-7FBBF6C46FCA}.Debug|Any CPU.ActiveCfg = Debug|Any CPU
		{E3B4B9D7-F5E0-4507-80CB-7FBBF6C46FCA}.Debug|Any CPU.Build.0 = Debug|Any CPU
		{E3B4B9D7-F5E0-4507-80CB-7FBBF6C46FCA}.Release|Any CPU.ActiveCfg = Release|Any CPU
		{E3B4B9D7-F5E0-4507-80CB-7FBBF6C46FCA}.Release|Any CPU.Build.0 = Release|Any CPU
		{ABD8A3BB-ABC1-4194-8117-069DBC691673}.Debug|Any CPU.ActiveCfg = Debug|Any CPU
		{ABD8A3BB-ABC1-4194-8117-069DBC691673}.Debug|Any CPU.Build.0 = Debug|Any CPU
		{ABD8A3BB-ABC1-4194-8117-069DBC691673}.Release|Any CPU.ActiveCfg = Release|Any CPU
		{ABD8A3BB-ABC1-4194-8117-069DBC691673}.Release|Any CPU.Build.0 = Release|Any CPU
		{49B9EA73-76AD-46EE-B911-2484797726D3}.Debug|Any CPU.ActiveCfg = Debug|Any CPU
		{49B9EA73-76AD-46EE-B911-2484797726D3}.Debug|Any CPU.Build.0 = Debug|Any CPU
		{49B9EA73-76AD-46EE-B911-2484797726D3}.Release|Any CPU.ActiveCfg = Release|Any CPU
		{49B9EA73-76AD-46EE-B911-2484797726D3}.Release|Any CPU.Build.0 = Release|Any CPU
	EndGlobalSection
	GlobalSection(SolutionProperties) = preSolution
		HideSolutionNode = FALSE
	EndGlobalSection
	GlobalSection(ExtensibilityGlobals) = postSolution
		SolutionGuid = {F59D0972-17C6-4793-8660-3E29026F18BD}
	EndGlobalSection
EndGlobal
